
Microsoft Visual Studio Solution File, Format Version 12.00
# Visual Studio Version 17
VisualStudioVersion = 17.3.32825.248
MinimumVisualStudioVersion = 10.0.40219.1
Project("{FAE04EC0-301F-11D3-BF4B-00C04F79EFBC}") = "ServiciosWeb", "ServiciosWeb\ServiciosWeb.csproj", "{4A8D7DCC-8DB9-4A8D-9B9B-D3084F059C1A}"
EndProject
Global
	GlobalSection(SolutionConfigurationPlatforms) = preSolution
		Debug|Any CPU = Debug|Any CPU
		Release|Any CPU = Release|Any CPU
	EndGlobalSection
	GlobalSection(ProjectConfigurationPlatforms) = postSolution
		{4A8D7DCC-8DB9-4A8D-9B9B-D3084F059C1A}.Debug|Any CPU.ActiveCfg = Debug|Any CPU
		{4A8D7DCC-8DB9-4A8D-9B9B-D3084F059C1A}.Debug|Any CPU.Build.0 = Debug|Any CPU
		{4A8D7DCC-8DB9-4A8D-9B9B-D3084F059C1A}.Release|Any CPU.ActiveCfg = Release|Any CPU
		{4A8D7DCC-8DB9-4A8D-9B9B-D3084F059C1A}.Release|Any CPU.Build.0 = Release|Any CPU
	EndGlobalSection
	GlobalSection(SolutionProperties) = preSolution
		HideSolutionNode = FALSE
	EndGlobalSection
	GlobalSection(ExtensibilityGlobals) = postSolution
		SolutionGuid = {8FA5579C-A878-4143-9E6A-2BFE88F0DF1C}
	EndGlobalSection
EndGlobal
